# channels:
#   - conda-forge
#   - nodefaults
# dependencies:
#   - conda <22.11.1
#   - conda-lock >=2.1.2,<2.2
#   - doitoml-with-all
#   - mamba
#   - python-dotenv

@EXPLICIT
https://conda.anaconda.org/conda-forge/win-64/ca-certificates-2023.7.22-h56e8100_0.conda#b1c2327b36f1a25d96f2039b0d3e3739
https://conda.anaconda.org/conda-forge/win-64/libexpat-2.5.0-h63175ca_1.conda#636cc3cbbd2e28bcfd2f73b2044aac2c
https://conda.anaconda.org/conda-forge/noarch/pybind11-abi-4-hd8ed1ab_3.tar.bz2#878f923dd6acc8aeb47a75da6c4098be
https://conda.anaconda.org/conda-forge/win-64/python_abi-3.11-3_cp311.conda#fd1634ba85cfea9376e1fc02d6f592e9
https://conda.anaconda.org/conda-forge/noarch/tzdata-2023c-h71feb2d_0.conda#939e3e74d8be4dac89ce83b20de2492a
https://conda.anaconda.org/conda-forge/win-64/ucrt-10.0.22621.0-h57928b3_0.tar.bz2#72608f6cd3e5898229c3ea16deb1ac43
https://conda.anaconda.org/conda-forge/win-64/vc14_runtime-14.36.32532-hfdfe4a8_17.conda#91c1ecaf3996889532fc0456178b1058
https://conda.anaconda.org/conda-forge/win-64/vc-14.3-h64f974e_17.conda#67ff6791f235bb606659bf2a5c169191
https://conda.anaconda.org/conda-forge/win-64/vs2015_runtime-14.36.32532-h05e6639_17.conda#4618046c39f7c81861e53ded842e738a
https://conda.anaconda.org/conda-forge/win-64/bzip2-1.0.8-h8ffe710_4.tar.bz2#7c03c66026944073040cb19a4f3ec3c9
https://conda.anaconda.org/conda-forge/win-64/fmt-9.1.0-h181d51b_0.tar.bz2#31a20cf261b2bd0a76d670db1b3e6fa1
https://conda.anaconda.org/conda-forge/win-64/libffi-3.4.2-h8ffe710_5.tar.bz2#2c96d1b6915b408893f9472569dee135
https://conda.anaconda.org/conda-forge/win-64/libiconv-1.17-h8ffe710_0.tar.bz2#050119977a86e4856f0416e2edcf81bb
https://conda.anaconda.org/conda-forge/win-64/libsqlite-3.42.0-hcfcfb64_0.conda#9a71d93deb99cc09d8939d5235b5909a
https://conda.anaconda.org/conda-forge/win-64/libzlib-1.2.13-hcfcfb64_5.conda#5fdb9c6a113b6b6cb5e517fd972d5f41
https://conda.anaconda.org/conda-forge/win-64/lz4-c-1.9.4-hcfcfb64_0.conda#e34720eb20a33fc3bfb8451dd837ab7a
https://conda.anaconda.org/conda-forge/win-64/lzo-2.10-he774522_1000.tar.bz2#d5cf4b7eaa52316f135eed9e8548ad57
https://conda.anaconda.org/conda-forge/win-64/openssl-3.1.2-hcfcfb64_0.conda#79b3f40f27cd80a265c276cea6714507
https://conda.anaconda.org/conda-forge/win-64/reproc-14.2.4-hcfcfb64_0.conda#059e1351c1affff15b16aec51c6967a6
https://conda.anaconda.org/conda-forge/win-64/tk-8.6.12-h8ffe710_0.tar.bz2#c69a5047cc9291ae40afd4a1ad6f0c0f
https://conda.anaconda.org/conda-forge/win-64/xz-5.2.6-h8d14728_0.tar.bz2#515d77642eaa3639413c6b1bc3f94219
https://conda.anaconda.org/conda-forge/win-64/yaml-0.2.5-h8ffe710_2.tar.bz2#adbfb9f45d1004a26763652246a33764
https://conda.anaconda.org/conda-forge/win-64/yaml-cpp-0.7.0-h63175ca_2.tar.bz2#27c8a78ba0cd18268cfc7b04c5512162
https://conda.anaconda.org/conda-forge/win-64/krb5-1.21.2-heb0366b_0.conda#6e8b0f22b4eef3b3cb3849bb4c3d47f9
https://conda.anaconda.org/conda-forge/win-64/libsolv-0.7.24-h12be248_1.conda#9b9e1559d74271bff7ac4eb51cfe56c4
https://conda.anaconda.org/conda-forge/win-64/libssh2-1.11.0-h7dfc565_0.conda#dc262d03aae04fe26825062879141a41
https://conda.anaconda.org/conda-forge/win-64/libxml2-2.11.5-hc3477c8_0.conda#d83c4bd70bcf0e1471e85d73bae6287e
https://conda.anaconda.org/conda-forge/win-64/python-3.11.4-h2628c8c_0_cpython.conda#3187a32fba79e835f099ecea054026f4
https://conda.anaconda.org/conda-forge/win-64/reproc-cpp-14.2.4-h63175ca_0.conda#a9ee9bbbbda9b32ec690c4909146770d
https://conda.anaconda.org/conda-forge/win-64/zstd-1.5.2-h12be248_7.conda#f3c3879d8cda1c5a6885435dd48a470e
https://conda.anaconda.org/conda-forge/noarch/appdirs-1.4.4-pyh9f0ad1d_0.tar.bz2#5f095bc6454094e96f146491fd03633b
https://conda.anaconda.org/conda-forge/noarch/attrs-23.1.0-pyh71513ae_1.conda#3edfead7cedd1ab4400a6c588f3e75f8
https://conda.anaconda.org/conda-forge/noarch/cachy-0.3.0-pyhd8ed1ab_1.tar.bz2#5dfee17f24e2dfd18d7392b48c9351e2
https://conda.anaconda.org/conda-forge/noarch/certifi-2023.7.22-pyhd8ed1ab_0.conda#7f3dbc9179b4dde7da98dfb151d0ad22
https://conda.anaconda.org/conda-forge/noarch/charset-normalizer-3.2.0-pyhd8ed1ab_0.conda#313516e9a4b08b12dfb1e1cd390a96e3
https://conda.anaconda.org/conda-forge/noarch/cloudpickle-2.2.1-pyhd8ed1ab_0.conda#b325bfc4cff7d7f8a868f1f7ecc4ed16
https://conda.anaconda.org/conda-forge/noarch/colorama-0.4.6-pyhd8ed1ab_0.tar.bz2#3faab06a954c2a04039983f2c4a50d99
https://conda.anaconda.org/conda-forge/noarch/crashtest-0.4.1-pyhd8ed1ab_0.tar.bz2#709a2295dd907bb34afb57d54320642f
https://conda.anaconda.org/conda-forge/noarch/distlib-0.3.7-pyhd8ed1ab_0.conda#12d8aae6994f342618443a8f05c652a0
https://conda.anaconda.org/conda-forge/noarch/filelock-3.12.2-pyhd8ed1ab_0.conda#53522ec72e6adae42bd373ef58357230
https://conda.anaconda.org/conda-forge/noarch/idna-3.4-pyhd8ed1ab_0.tar.bz2#34272b248891bddccc64479f9a7fffed
https://conda.anaconda.org/conda-forge/noarch/json-e-4.5.3-pyhd8ed1ab_0.conda#f8d3131627e22eecb1b6eec5d0f5b937
https://conda.anaconda.org/conda-forge/win-64/libarchive-3.6.2-h6f8411a_1.conda#314124476882f64abc20b76148d2909b
https://conda.anaconda.org/conda-forge/win-64/libcurl-8.2.1-hd5e4a3a_0.conda#2f5d4a975490edc04c552a54d29018d4
https://conda.anaconda.org/conda-forge/win-64/markupsafe-2.1.3-py311ha68e1ae_0.conda#db2c2f72a83bdc5b70947964e1ddc8bb
https://conda.anaconda.org/conda-forge/win-64/menuinst-1.4.19-py311h1ea47a8_1.tar.bz2#8eb00075c8acb7dd264c4a8537b89549
https://conda.anaconda.org/conda-forge/noarch/more-itertools-10.1.0-pyhd8ed1ab_0.conda#8549fafed0351bbfaa1ddaa15fdf9b4e
https://conda.anaconda.org/conda-forge/win-64/msgpack-python-1.0.5-py311h005e61a_0.conda#01a252f384a5d1ad338cff1184d9a9c0
https://conda.anaconda.org/conda-forge/noarch/packaging-23.1-pyhd8ed1ab_0.conda#91cda59e66e1e4afe9476f8ef98f5c30
https://conda.anaconda.org/conda-forge/noarch/pastel-0.2.1-pyhd8ed1ab_0.tar.bz2#a4eea5bff523f26442405bc5d1f52adb
https://conda.anaconda.org/conda-forge/noarch/pkginfo-1.9.6-pyhd8ed1ab_0.conda#be1e9f1c65a1ed0f2ae9352fec99db64
https://conda.anaconda.org/conda-forge/noarch/pkgutil-resolve-name-1.3.10-pyhd8ed1ab_0.tar.bz2#89e3c7cdde7d3aaa2aee933b604dd07f
https://conda.anaconda.org/conda-forge/win-64/pycosat-0.6.4-py311ha68e1ae_1.tar.bz2#c7af04cd8a66f6d782982751200239d0
https://conda.anaconda.org/conda-forge/noarch/pycparser-2.21-pyhd8ed1ab_0.tar.bz2#076becd9e05608f8dc72757d5f3a91ff
https://conda.anaconda.org/conda-forge/noarch/pylev-1.4.0-pyhd8ed1ab_0.tar.bz2#edf8651c4379d9d1495ad6229622d150
https://conda.anaconda.org/conda-forge/win-64/pywin32-ctypes-0.2.2-py311h1ea47a8_0.conda#93204e67d63d9ea4ef2b878172222b74
https://conda.anaconda.org/conda-forge/win-64/pyyaml-6.0-py311ha68e1ae_5.tar.bz2#0c97d59d54eb52e170224b3de6ade906
https://conda.anaconda.org/conda-forge/win-64/rpds-py-0.9.2-py311hc37eb10_0.conda#d2d75b1d27bcd4f7b6d049b32b2f7530
https://conda.anaconda.org/conda-forge/win-64/ruamel.yaml.clib-0.2.7-py311ha68e1ae_1.conda#654fbe603c79490699cd7447e4627aee
https://conda.anaconda.org/conda-forge/win-64/ruamel_yaml-0.15.80-py311ha68e1ae_1008.tar.bz2#c1c3cca1078977cfa12d36f32eb58fbe
https://conda.anaconda.org/conda-forge/noarch/setuptools-68.1.2-pyhd8ed1ab_0.conda#4fe12573bf499ff85a0a364e00cc5c53
https://conda.anaconda.org/conda-forge/noarch/six-1.16.0-pyh6c4a22f_0.tar.bz2#e5f25f8dbc060e9a8d912e432202afc2
https://conda.anaconda.org/conda-forge/noarch/smmap-3.0.5-pyh44b312d_0.tar.bz2#3a8dc70789709aa315325d5df06fb7e4
https://conda.anaconda.org/conda-forge/noarch/tomli-2.0.1-pyhd8ed1ab_0.tar.bz2#5844808ffab9ebdb694585b50ba02a96
https://conda.anaconda.org/conda-forge/noarch/tomlkit-0.12.1-pyha770c72_0.conda#62f5b331c53d73e2f6c4c130b53518a0
https://conda.anaconda.org/conda-forge/noarch/toolz-0.12.0-pyhd8ed1ab_0.tar.bz2#92facfec94bc02d6ccf42e7173831a36
https://conda.anaconda.org/conda-forge/noarch/typing_extensions-4.7.1-pyha770c72_0.conda#c39d6a09fe819de4951c2642629d9115
https://conda.anaconda.org/conda-forge/noarch/webencodings-0.5.1-py_1.tar.bz2#3563be4c5611a44210d9ba0c16113136
https://conda.anaconda.org/conda-forge/noarch/win_inet_pton-1.1.0-pyhd8ed1ab_6.tar.bz2#30878ecc4bd36e8deeea1e3c151b2e0b
https://conda.anaconda.org/conda-forge/noarch/zipp-3.16.2-pyhd8ed1ab_0.conda#2da0451b54c4563c32490cb1b7cf68a1
https://conda.anaconda.org/conda-forge/win-64/cffi-1.15.1-py311h7d9ee11_3.conda#a8524727eb956b4741e25a64af79edb8
https://conda.anaconda.org/conda-forge/noarch/click-8.1.7-win_pyh7428d3b_0.conda#3549ecbceb6cd77b91a105511b7d0786
https://conda.anaconda.org/conda-forge/noarch/clikit-0.6.2-pyhd8ed1ab_2.conda#02abb7b66b02e8b9f5a9b05454400087
https://conda.anaconda.org/conda-forge/noarch/gitdb-4.0.10-pyhd8ed1ab_0.conda#3706d2f3d7cb5dae600c833345a76132
https://conda.anaconda.org/conda-forge/noarch/html5lib-1.1-pyh9f0ad1d_0.tar.bz2#b2355343d6315c892543200231d7154a
https://conda.anaconda.org/conda-forge/noarch/importlib-metadata-6.8.0-pyha770c72_0.conda#4e9f59a060c3be52bc4ddc46ee9b6946
https://conda.anaconda.org/conda-forge/noarch/importlib_resources-6.0.1-pyhd8ed1ab_0.conda#d978c61aa5fc2c69380d53ad56b5ae86
https://conda.anaconda.org/conda-forge/noarch/jaraco.classes-3.3.0-pyhd8ed1ab_0.conda#e9f79248d30e942f7c358ff21a1790f5
https://conda.anaconda.org/conda-forge/noarch/jinja2-3.1.2-pyhd8ed1ab_1.tar.bz2#c8490ed5c70966d232fdd389d0dbed37
https://conda.anaconda.org/conda-forge/win-64/libmamba-1.4.9-ha24f096_0.conda#c632423ab1fd294a174f4324cc47614c
https://conda.anaconda.org/conda-forge/noarch/pysocks-1.7.1-pyh0701188_6.tar.bz2#56cd9fe388baac0e90c7149cfac95b60
https://conda.anaconda.org/conda-forge/noarch/referencing-0.30.2-pyhd8ed1ab_0.conda#a33161b983172ba6ef69d5fc850650cd
https://conda.anaconda.org/conda-forge/win-64/ruamel.yaml-0.17.32-py311ha68e1ae_0.conda#1a51f29331338bfde51127db204d7757
https://conda.anaconda.org/conda-forge/noarch/typing-extensions-4.7.1-hd8ed1ab_0.conda#f96688577f1faa58096d06a45136afa2
https://conda.anaconda.org/conda-forge/noarch/annotated-types-0.5.0-pyhd8ed1ab_0.conda#578ae086f225bc2380c79f3b551ff2f7
https://conda.anaconda.org/conda-forge/win-64/brotlipy-0.7.0-py311ha68e1ae_1005.tar.bz2#dd9604ece454103e7210110c6d343e37
https://conda.anaconda.org/conda-forge/noarch/click-default-group-1.2.4-pyhd8ed1ab_0.conda#7c2b6931f9b3548ed78478332095c3e9
https://conda.anaconda.org/conda-forge/win-64/cryptography-41.0.3-py311h28e9c30_0.conda#267e5ea201734119ecd2c4301800efbc
https://conda.anaconda.org/conda-forge/noarch/doit-0.36.0-pyhd8ed1ab_0.tar.bz2#fc5e53d070f1ee7bb38c2ece282dcb82
https://conda.anaconda.org/conda-forge/noarch/gitpython-3.1.32-pyhd8ed1ab_0.conda#5809a12901d57388444c3293c975d0bb
https://conda.anaconda.org/conda-forge/noarch/importlib_metadata-6.8.0-hd8ed1ab_0.conda#b279b07ce18058034e5b3606ba103a8b
https://conda.anaconda.org/conda-forge/noarch/jsonschema-specifications-2023.7.1-pyhd8ed1ab_0.conda#7c27ea1bdbe520bb830dcadd59f55cbf
https://conda.anaconda.org/conda-forge/win-64/libmambapy-1.4.9-py311h29ee5fe_0.conda#7c0314b43476618fefcbfff8f58c4e87
https://conda.anaconda.org/conda-forge/noarch/platformdirs-3.10.0-pyhd8ed1ab_0.conda#0809187ef9b89a3d94a5c24d13936236
https://conda.anaconda.org/conda-forge/win-64/pydantic-core-2.6.1-py311hc37eb10_0.conda#bf78ef5893b4eb0270ffc746c1310b0b
https://conda.anaconda.org/conda-forge/noarch/python-dotenv-1.0.0-pyhd8ed1ab_0.conda#a94065a7cbac6b5630fb7e4801366b40
https://conda.anaconda.org/conda-forge/win-64/zstandard-0.19.0-py311he5d195f_2.conda#7ef609e9bfd58d18962d7b7c0c529638
https://conda.anaconda.org/conda-forge/noarch/conda-package-streaming-0.9.0-pyhd8ed1ab_0.conda#38253361efb303deead3eab39ae9269b
https://conda.anaconda.org/conda-forge/noarch/doitoml-0.2.0-pyhd8ed1ab_0.conda#61710958a8b720047c279876c8058264
https://conda.anaconda.org/conda-forge/noarch/jsonschema-4.19.0-pyhd8ed1ab_1.conda#d442886dffcee45604595fea2ad3a181
https://conda.anaconda.org/conda-forge/win-64/keyring-24.2.0-py311h1ea47a8_0.conda#6a5239529cb5af3437bdd24c1082c2eb
https://conda.anaconda.org/conda-forge/noarch/pydantic-2.2.1-pyhd8ed1ab_0.conda#979ffa196016390f13a674d31d5e3d16
https://conda.anaconda.org/conda-forge/noarch/pyopenssl-23.2.0-pyhd8ed1ab_1.conda#34f7d568bf59d18e3fef8c405cbece21
https://conda.anaconda.org/conda-forge/noarch/virtualenv-20.24.3-pyhd8ed1ab_0.conda#e5abd7f3cb1050de9bce3027d8ffb2e7
https://conda.anaconda.org/conda-forge/noarch/conda-package-handling-2.2.0-pyh38be061_0.conda#8a3ae7f6318376aa08ea753367bb7dd6
https://conda.anaconda.org/conda-forge/noarch/doitoml-with-jinja2-0.2.0-pyhd8ed1ab_0.conda#72a6f30d08084c8adfd59ff83574551f
https://conda.anaconda.org/conda-forge/noarch/doitoml-with-json-e-0.2.0-pyhd8ed1ab_0.conda#0e9f1c114494ac13222a7890defeed43
https://conda.anaconda.org/conda-forge/noarch/doitoml-with-jsonschema-0.2.0-pyhd8ed1ab_0.conda#07a56a8e76f4e56c5507fb2d4f176675
https://conda.anaconda.org/conda-forge/noarch/doitoml-with-yaml-0.2.0-pyhd8ed1ab_0.conda#2aef7b7d1caf524c204d3d0fd6263199
https://conda.anaconda.org/conda-forge/noarch/urllib3-1.26.15-pyhd8ed1ab_0.conda#27db656619a55d727eaf5a6ece3d2fd6
https://conda.anaconda.org/conda-forge/noarch/doitoml-with-all-0.2.0-pyhd8ed1ab_0.conda#afbeae91fffcf3ac6363d7916b901341
https://conda.anaconda.org/conda-forge/noarch/requests-2.31.0-pyhd8ed1ab_0.conda#a30144e4156cdbb236f99ebb49828f8b
https://conda.anaconda.org/conda-forge/noarch/cachecontrol-0.13.1-pyhd8ed1ab_0.conda#174bd699bb5aa9e2622eb4b288276ff8
https://conda.anaconda.org/conda-forge/win-64/conda-22.9.0-py311h1ea47a8_2.tar.bz2#b10f47d78cb51f295ee9e6f3a611fa17
https://conda.anaconda.org/conda-forge/noarch/ensureconda-1.4.3-pyhd8ed1ab_0.tar.bz2#c99ae3abf501990769047b4b40a98f17
https://conda.anaconda.org/conda-forge/noarch/cachecontrol-with-filecache-0.13.1-pyhd8ed1ab_0.conda#8c4781ca0893cff3a64423954ce234a1
https://conda.anaconda.org/conda-forge/win-64/mamba-1.4.9-py311h8cb466b_0.conda#289b9796d4d827835bf1e32e14cf64dd
https://conda.anaconda.org/conda-forge/noarch/conda-lock-2.1.2-pyhd8ed1ab_0.conda#bd7dc69022079c34f7f5c6f7a1694064
