# channels:
#   - conda-forge
#   - nodefaults
# dependencies:
#   - conda <22.11.1
#   - conda-lock >=2.3,<2.4
#   - doitoml-with-all
#   - mamba
#   - python-dotenv

@EXPLICIT
https://conda.anaconda.org/conda-forge/win-64/ca-certificates-2023.11.17-h56e8100_0.conda#1163114b483f26761f993c709e65271f
https://conda.anaconda.org/conda-forge/win-64/libexpat-2.5.0-h63175ca_1.conda#636cc3cbbd2e28bcfd2f73b2044aac2c
https://conda.anaconda.org/conda-forge/noarch/pybind11-abi-4-hd8ed1ab_3.tar.bz2#878f923dd6acc8aeb47a75da6c4098be
https://conda.anaconda.org/conda-forge/win-64/python_abi-3.11-4_cp311.conda#70513332c71b56eace4ee6441e66c012
https://conda.anaconda.org/conda-forge/noarch/tzdata-2023c-h71feb2d_0.conda#939e3e74d8be4dac89ce83b20de2492a
https://conda.anaconda.org/conda-forge/win-64/ucrt-10.0.22621.0-h57928b3_0.tar.bz2#72608f6cd3e5898229c3ea16deb1ac43
https://conda.anaconda.org/conda-forge/win-64/vc14_runtime-14.36.32532-hdcecf7f_17.conda#d0de20f2f3fc806a81b44fcdd941aaf7
https://conda.anaconda.org/conda-forge/win-64/vc-14.3-h64f974e_17.conda#67ff6791f235bb606659bf2a5c169191
https://conda.anaconda.org/conda-forge/win-64/vs2015_runtime-14.36.32532-h05e6639_17.conda#4618046c39f7c81861e53ded842e738a
https://conda.anaconda.org/conda-forge/win-64/bzip2-1.0.8-hcfcfb64_5.conda#26eb8ca6ea332b675e11704cce84a3be
https://conda.anaconda.org/conda-forge/win-64/fmt-10.1.1-h181d51b_1.conda#78dcab83827f41410cf1e70d39d3b36e
https://conda.anaconda.org/conda-forge/win-64/libffi-3.4.2-h8ffe710_5.tar.bz2#2c96d1b6915b408893f9472569dee135
https://conda.anaconda.org/conda-forge/win-64/libiconv-1.17-hcfcfb64_1.conda#38d2d9078f2d6d3366fe7db635bf9de6
https://conda.anaconda.org/conda-forge/win-64/libsqlite-3.44.2-hcfcfb64_0.conda#4a5f5ab56cbf3ccd08d71a1168061213
https://conda.anaconda.org/conda-forge/win-64/libzlib-1.2.13-hcfcfb64_5.conda#5fdb9c6a113b6b6cb5e517fd972d5f41
https://conda.anaconda.org/conda-forge/win-64/lz4-c-1.9.4-hcfcfb64_0.conda#e34720eb20a33fc3bfb8451dd837ab7a
https://conda.anaconda.org/conda-forge/win-64/lzo-2.10-he774522_1000.tar.bz2#d5cf4b7eaa52316f135eed9e8548ad57
https://conda.anaconda.org/conda-forge/win-64/openssl-3.2.0-hcfcfb64_1.conda#d10167022f99bad12ee07dea022d5830
https://conda.anaconda.org/conda-forge/win-64/reproc-14.2.4.post0-hcfcfb64_1.conda#887478162e563ea09451b19c22b1605b
https://conda.anaconda.org/conda-forge/win-64/tk-8.6.13-h5226925_1.conda#fc048363eb8f03cd1737600a5d08aafe
https://conda.anaconda.org/conda-forge/win-64/xz-5.2.6-h8d14728_0.tar.bz2#515d77642eaa3639413c6b1bc3f94219
https://conda.anaconda.org/conda-forge/win-64/yaml-0.2.5-h8ffe710_2.tar.bz2#adbfb9f45d1004a26763652246a33764
https://conda.anaconda.org/conda-forge/win-64/yaml-cpp-0.8.0-h63175ca_0.conda#9032e2129ea7afcc1a8e3d85715a931d
https://conda.anaconda.org/conda-forge/win-64/krb5-1.21.2-heb0366b_0.conda#6e8b0f22b4eef3b3cb3849bb4c3d47f9
https://conda.anaconda.org/conda-forge/win-64/libsolv-0.7.27-h12be248_0.conda#a62f8a595db21c4886cedd46cc842d63
https://conda.anaconda.org/conda-forge/win-64/libssh2-1.11.0-h7dfc565_0.conda#dc262d03aae04fe26825062879141a41
https://conda.anaconda.org/conda-forge/win-64/libxml2-2.12.2-hc3477c8_0.conda#6d68353f028c121e75d27033e44d6afa
https://conda.anaconda.org/conda-forge/win-64/python-3.11.6-h2628c8c_0_cpython.conda#80b761856b20383615a3fe8b1b13eef8
https://conda.anaconda.org/conda-forge/win-64/reproc-cpp-14.2.4.post0-h63175ca_1.conda#12fcd53cef836a4128c65c464ebb09d7
https://conda.anaconda.org/conda-forge/win-64/zstd-1.5.5-h12be248_0.conda#792bb5da68bf0a6cac6a6072ecb8dbeb
https://conda.anaconda.org/conda-forge/noarch/appdirs-1.4.4-pyh9f0ad1d_0.tar.bz2#5f095bc6454094e96f146491fd03633b
https://conda.anaconda.org/conda-forge/noarch/attrs-23.1.0-pyh71513ae_1.conda#3edfead7cedd1ab4400a6c588f3e75f8
https://conda.anaconda.org/conda-forge/win-64/brotli-python-1.1.0-py311h12c1d0e_1.conda#42fbf4e947c17ea605e6a4d7f526669a
https://conda.anaconda.org/conda-forge/noarch/cachy-0.3.0-pyhd8ed1ab_1.tar.bz2#5dfee17f24e2dfd18d7392b48c9351e2
https://conda.anaconda.org/conda-forge/noarch/certifi-2023.11.17-pyhd8ed1ab_0.conda#2011bcf45376341dd1d690263fdbc789
https://conda.anaconda.org/conda-forge/noarch/charset-normalizer-3.3.2-pyhd8ed1ab_0.conda#7f4a9e3fcff3f6356ae99244a014da6a
https://conda.anaconda.org/conda-forge/noarch/cloudpickle-3.0.0-pyhd8ed1ab_0.conda#753d29fe41bb881e4b9c004f0abf973f
https://conda.anaconda.org/conda-forge/noarch/colorama-0.4.6-pyhd8ed1ab_0.tar.bz2#3faab06a954c2a04039983f2c4a50d99
https://conda.anaconda.org/conda-forge/noarch/crashtest-0.4.1-pyhd8ed1ab_0.tar.bz2#709a2295dd907bb34afb57d54320642f
https://conda.anaconda.org/conda-forge/noarch/distlib-0.3.7-pyhd8ed1ab_0.conda#12d8aae6994f342618443a8f05c652a0
https://conda.anaconda.org/conda-forge/noarch/filelock-3.13.1-pyhd8ed1ab_0.conda#0c1729b74a8152fde6a38ba0a2ab9f45
https://conda.anaconda.org/conda-forge/noarch/idna-3.6-pyhd8ed1ab_0.conda#1a76f09108576397c41c0b0c5bd84134
https://conda.anaconda.org/conda-forge/noarch/json-e-4.6.0-pyhd8ed1ab_0.conda#4bbaa31fba157b5d480dd4f10a151969
https://conda.anaconda.org/conda-forge/win-64/libarchive-3.7.2-h313118b_1.conda#4b84938cdb30e9cc2dc413208e917e11
https://conda.anaconda.org/conda-forge/win-64/libcurl-8.5.0-hd5e4a3a_0.conda#c95eb3d60266dd47b8eb864e10d6bcf3
https://conda.anaconda.org/conda-forge/win-64/markupsafe-2.1.3-py311ha68e1ae_1.conda#bc93b9d445824cfce3933b5dcc1087b4
https://conda.anaconda.org/conda-forge/win-64/menuinst-1.4.20-py311h12c1d0e_0.conda#f399257bb7f5a53a2759eb149af52ccc
https://conda.anaconda.org/conda-forge/noarch/more-itertools-10.1.0-pyhd8ed1ab_0.conda#8549fafed0351bbfaa1ddaa15fdf9b4e
https://conda.anaconda.org/conda-forge/win-64/msgpack-python-1.0.7-py311h005e61a_0.conda#d2388fe3611502d1fc5e50d0702086b7
https://conda.anaconda.org/conda-forge/noarch/packaging-23.2-pyhd8ed1ab_0.conda#79002079284aa895f883c6b7f3f88fd6
https://conda.anaconda.org/conda-forge/noarch/pastel-0.2.1-pyhd8ed1ab_0.tar.bz2#a4eea5bff523f26442405bc5d1f52adb
https://conda.anaconda.org/conda-forge/noarch/pkginfo-1.9.6-pyhd8ed1ab_0.conda#be1e9f1c65a1ed0f2ae9352fec99db64
https://conda.anaconda.org/conda-forge/noarch/pkgutil-resolve-name-1.3.10-pyhd8ed1ab_1.conda#405678b942f2481cecdb3e010f4925d9
https://conda.anaconda.org/conda-forge/noarch/platformdirs-4.1.0-pyhd8ed1ab_0.conda#45a5065664da0d1dfa8f8cd2eaf05ab9
https://conda.anaconda.org/conda-forge/win-64/pycosat-0.6.6-py311ha68e1ae_0.conda#beaebb9595065ca64bcce57a6b3ab2fd
https://conda.anaconda.org/conda-forge/noarch/pycparser-2.21-pyhd8ed1ab_0.tar.bz2#076becd9e05608f8dc72757d5f3a91ff
https://conda.anaconda.org/conda-forge/noarch/pylev-1.4.0-pyhd8ed1ab_0.tar.bz2#edf8651c4379d9d1495ad6229622d150
https://conda.anaconda.org/conda-forge/noarch/python-dotenv-1.0.0-pyhd8ed1ab_1.conda#111e7f9edd31865e2659fa9aad8ec8fd
https://conda.anaconda.org/conda-forge/win-64/pywin32-ctypes-0.2.2-py311h1ea47a8_1.conda#e1270294a55b716f9b76900340e8fc82
https://conda.anaconda.org/conda-forge/win-64/pyyaml-6.0.1-py311ha68e1ae_1.conda#2b4128962cd665153e946f2a88667a3b
https://conda.anaconda.org/conda-forge/win-64/rpds-py-0.13.2-py311hc37eb10_0.conda#b55ce2cc8894d83aed91d652b75b8872
https://conda.anaconda.org/conda-forge/win-64/ruamel.yaml.clib-0.2.7-py311ha68e1ae_2.conda#a19abbda796a7003308e1cba9b0c9905
https://conda.anaconda.org/conda-forge/win-64/ruamel_yaml-0.15.80-py311ha68e1ae_1009.conda#9fc711b8fe661f119eac57aa2f2748d2
https://conda.anaconda.org/conda-forge/noarch/setuptools-68.2.2-pyhd8ed1ab_0.conda#fc2166155db840c634a1291a5c35a709
https://conda.anaconda.org/conda-forge/noarch/six-1.16.0-pyh6c4a22f_0.tar.bz2#e5f25f8dbc060e9a8d912e432202afc2
https://conda.anaconda.org/conda-forge/noarch/smmap-5.0.0-pyhd8ed1ab_0.tar.bz2#62f26a3d1387acee31322208f0cfa3e0
https://conda.anaconda.org/conda-forge/noarch/tomli-2.0.1-pyhd8ed1ab_0.tar.bz2#5844808ffab9ebdb694585b50ba02a96
https://conda.anaconda.org/conda-forge/noarch/tomlkit-0.12.3-pyha770c72_0.conda#074d0ce7a6261ab8b497c3518796ef3e
https://conda.anaconda.org/conda-forge/noarch/toolz-0.12.0-pyhd8ed1ab_0.tar.bz2#92facfec94bc02d6ccf42e7173831a36
https://conda.anaconda.org/conda-forge/noarch/typing_extensions-4.9.0-pyha770c72_0.conda#a92a6440c3fe7052d63244f3aba2a4a7
https://conda.anaconda.org/conda-forge/noarch/webencodings-0.5.1-pyhd8ed1ab_2.conda#daf5160ff9cde3a468556965329085b9
https://conda.anaconda.org/conda-forge/noarch/win_inet_pton-1.1.0-pyhd8ed1ab_6.tar.bz2#30878ecc4bd36e8deeea1e3c151b2e0b
https://conda.anaconda.org/conda-forge/noarch/zipp-3.17.0-pyhd8ed1ab_0.conda#2e4d6bc0b14e10f895fc6791a7d9b26a
https://conda.anaconda.org/conda-forge/win-64/cffi-1.16.0-py311ha68e1ae_0.conda#d109d6e767c4890ea32880b8bfa4a3b6
https://conda.anaconda.org/conda-forge/noarch/click-8.1.7-win_pyh7428d3b_0.conda#3549ecbceb6cd77b91a105511b7d0786
https://conda.anaconda.org/conda-forge/noarch/clikit-0.6.2-pyhd8ed1ab_2.conda#02abb7b66b02e8b9f5a9b05454400087
https://conda.anaconda.org/conda-forge/noarch/gitdb-4.0.11-pyhd8ed1ab_0.conda#623b19f616f2ca0c261441067e18ae40
https://conda.anaconda.org/conda-forge/noarch/html5lib-1.1-pyh9f0ad1d_0.tar.bz2#b2355343d6315c892543200231d7154a
https://conda.anaconda.org/conda-forge/noarch/importlib-metadata-7.0.0-pyha770c72_0.conda#a941237cd06538837b25cd245fcd25d8
https://conda.anaconda.org/conda-forge/noarch/importlib_resources-6.1.1-pyhd8ed1ab_0.conda#3d5fa25cf42f3f32a12b2d874ace8574
https://conda.anaconda.org/conda-forge/noarch/jaraco.classes-3.3.0-pyhd8ed1ab_0.conda#e9f79248d30e942f7c358ff21a1790f5
https://conda.anaconda.org/conda-forge/noarch/jinja2-3.1.2-pyhd8ed1ab_1.tar.bz2#c8490ed5c70966d232fdd389d0dbed37
https://conda.anaconda.org/conda-forge/win-64/libmamba-1.5.1-h3f09ed1_2.conda#40438a9eaf94f7412d3c00bfe01afa89
https://conda.anaconda.org/conda-forge/noarch/pysocks-1.7.1-pyh0701188_6.tar.bz2#56cd9fe388baac0e90c7149cfac95b60
https://conda.anaconda.org/conda-forge/noarch/referencing-0.32.0-pyhd8ed1ab_0.conda#a7b5a535cd614e384594530aee7e6061
https://conda.anaconda.org/conda-forge/win-64/ruamel.yaml-0.18.5-py311ha68e1ae_0.conda#c21c5fda85131862a99f9550aea3bfca
https://conda.anaconda.org/conda-forge/noarch/typing-extensions-4.9.0-hd8ed1ab_0.conda#c16524c1b7227dc80b36b4fa6f77cc86
https://conda.anaconda.org/conda-forge/noarch/virtualenv-20.25.0-pyhd8ed1ab_0.conda#c119653cba436d8183c27bf6d190e587
https://conda.anaconda.org/conda-forge/noarch/annotated-types-0.6.0-pyhd8ed1ab_0.conda#997c29372bdbe2afee073dff71f35923
https://conda.anaconda.org/conda-forge/noarch/click-default-group-1.2.4-pyhd8ed1ab_0.conda#7c2b6931f9b3548ed78478332095c3e9
https://conda.anaconda.org/conda-forge/win-64/cryptography-41.0.7-py311h7cb4080_1.conda#88156dd34d330e46e0e44a52b918ed89
https://conda.anaconda.org/conda-forge/noarch/doit-0.36.0-pyhd8ed1ab_0.tar.bz2#fc5e53d070f1ee7bb38c2ece282dcb82
https://conda.anaconda.org/conda-forge/noarch/gitpython-3.1.40-pyhd8ed1ab_0.conda#6bf74c3b7c13079a91d4bd3da51cefcf
https://conda.anaconda.org/conda-forge/noarch/importlib_metadata-7.0.0-hd8ed1ab_0.conda#12aff14f84c337be5e5636bf612f4140
https://conda.anaconda.org/conda-forge/noarch/jsonschema-specifications-2023.11.2-pyhd8ed1ab_0.conda#73884ca36d6d96cbce498cde99fab40f
https://conda.anaconda.org/conda-forge/win-64/libmambapy-1.5.1-py311h0317a69_2.conda#e3b712bb3134c5941443310c6991b243
https://conda.anaconda.org/conda-forge/win-64/pydantic-core-2.14.5-py311hc37eb10_0.conda#cf6cd58b77ebffaa1af9f4b56aec0dec
https://conda.anaconda.org/conda-forge/noarch/urllib3-1.26.18-pyhd8ed1ab_0.conda#bf61cfd2a7f212efba378167a07d4a6a
https://conda.anaconda.org/conda-forge/win-64/zstandard-0.22.0-py311he5d195f_0.conda#d1a48266ad3d319780cc3f341f85da67
https://conda.anaconda.org/conda-forge/noarch/conda-package-streaming-0.9.0-pyhd8ed1ab_0.conda#38253361efb303deead3eab39ae9269b
https://conda.anaconda.org/conda-forge/noarch/doitoml-0.2.0-pyhd8ed1ab_0.conda#61710958a8b720047c279876c8058264
https://conda.anaconda.org/conda-forge/noarch/jsonschema-4.20.0-pyhd8ed1ab_0.conda#1116d79def5268414fb0917520b2bbf1
https://conda.anaconda.org/conda-forge/win-64/keyring-24.3.0-py311h1ea47a8_0.conda#36b1b2b2889d253cb8bb0b80a9cb1493
https://conda.anaconda.org/conda-forge/noarch/pydantic-2.5.2-pyhd8ed1ab_0.conda#3f908ebfccbfd09946961862d26bb9af
https://conda.anaconda.org/conda-forge/noarch/pyopenssl-23.3.0-pyhd8ed1ab_0.conda#7819533e674dbbc51468f3228b9b1bb6
https://conda.anaconda.org/conda-forge/noarch/requests-2.31.0-pyhd8ed1ab_0.conda#a30144e4156cdbb236f99ebb49828f8b
https://conda.anaconda.org/conda-forge/noarch/cachecontrol-0.13.1-pyhd8ed1ab_0.conda#174bd699bb5aa9e2622eb4b288276ff8
https://conda.anaconda.org/conda-forge/noarch/conda-package-handling-2.2.0-pyh38be061_0.conda#8a3ae7f6318376aa08ea753367bb7dd6
https://conda.anaconda.org/conda-forge/noarch/doitoml-with-jinja2-0.2.0-pyhd8ed1ab_0.conda#72a6f30d08084c8adfd59ff83574551f
https://conda.anaconda.org/conda-forge/noarch/doitoml-with-json-e-0.2.0-pyhd8ed1ab_0.conda#0e9f1c114494ac13222a7890defeed43
https://conda.anaconda.org/conda-forge/noarch/doitoml-with-jsonschema-0.2.0-pyhd8ed1ab_0.conda#07a56a8e76f4e56c5507fb2d4f176675
https://conda.anaconda.org/conda-forge/noarch/doitoml-with-yaml-0.2.0-pyhd8ed1ab_0.conda#2aef7b7d1caf524c204d3d0fd6263199
https://conda.anaconda.org/conda-forge/noarch/ensureconda-1.4.3-pyhd8ed1ab_0.tar.bz2#c99ae3abf501990769047b4b40a98f17
https://conda.anaconda.org/conda-forge/noarch/cachecontrol-with-filecache-0.13.1-pyhd8ed1ab_0.conda#8c4781ca0893cff3a64423954ce234a1
https://conda.anaconda.org/conda-forge/win-64/conda-22.9.0-py311h1ea47a8_2.tar.bz2#b10f47d78cb51f295ee9e6f3a611fa17
https://conda.anaconda.org/conda-forge/noarch/doitoml-with-all-0.2.0-pyhd8ed1ab_0.conda#afbeae91fffcf3ac6363d7916b901341
https://conda.anaconda.org/conda-forge/noarch/conda-lock-2.3.0-pyhd8ed1ab_0.conda#559bd2e1ad6f260cd4f2fd7d7b21bcca
https://conda.anaconda.org/conda-forge/win-64/mamba-1.5.1-py311h8cb466b_2.conda#b6c7b91ddaacf56f4f65e16d9a3960c7
